
Microsoft Visual Studio Solution File, Format Version 12.00
# Visual Studio 2013
VisualStudioVersion = 12.0.21005.1
MinimumVisualStudioVersion = 10.0.40219.1
Project("{FAE04EC0-301F-11D3-BF4B-00C04F79EFBC}") = "Kinect_Robot", "Kinect_Robot\Kinect_Robot.csproj", "{EC61EE73-AA24-4B29-A3A9-C96CA6AAD49B}"
EndProject
Global
	GlobalSection(TeamFoundationVersionControl) = preSolution
		SccNumberOfProjects = 2
		SccEnterpriseProvider = {4CA58AB2-18FA-4F8D-95D4-32DDF27D184C}
		SccTeamFoundationServer = https://rahims-server.visualstudio.com/defaultcollection
		SccLocalPath0 = .
		SccProjectUniqueName1 = Kinect_Robot\\Kinect_Robot.csproj
		SccProjectName1 = Kinect_Robot
		SccLocalPath1 = Kinect_Robot
	EndGlobalSection
	GlobalSection(SolutionConfigurationPlatforms) = preSolution
		Debug|Any CPU = Debug|Any CPU
		Release|Any CPU = Release|Any CPU
	EndGlobalSection
	GlobalSection(ProjectConfigurationPlatforms) = postSolution
		{EC61EE73-AA24-4B29-A3A9-C96CA6AAD49B}.Debug|Any CPU.ActiveCfg = Debug|Any CPU
		{EC61EE73-AA24-4B29-A3A9-C96CA6AAD49B}.Debug|Any CPU.Build.0 = Debug|Any CPU
		{EC61EE73-AA24-4B29-A3A9-C96CA6AAD49B}.Release|Any CPU.ActiveCfg = Release|Any CPU
		{EC61EE73-AA24-4B29-A3A9-C96CA6AAD49B}.Release|Any CPU.Build.0 = Release|Any CPU
	EndGlobalSection
	GlobalSection(SolutionProperties) = preSolution
		HideSolutionNode = FALSE
	EndGlobalSection
EndGlobal
